
Microsoft Visual Studio Solution File, Format Version 12.00
# Visual Studio Version 17
VisualStudioVersion = 17.14.36221.1
MinimumVisualStudioVersion = 10.0.40219.1
Project("{FAE04EC0-301F-11D3-BF4B-00C04F79EFBC}") = "GestaoPessoasCliente", "GestaoPessoasCliente\GestaoPessoasCliente.csproj", "{37B53137-55E0-4CDF-A8E4-62D649541B45}"
EndProject
Project("{2150E333-8FDC-42A3-9474-1A3956D46DE8}") = "Itens de Solução", "Itens de Solução", "{380A7511-A354-6D7A-0CC0-8FA1F1BA7B6C}"
	ProjectSection(SolutionItems) = preProject
		utilities.cs = utilities.cs
	EndProjectSection
EndProject
Global
	GlobalSection(SolutionConfigurationPlatforms) = preSolution
		Debug|Any CPU = Debug|Any CPU
		Release|Any CPU = Release|Any CPU
	EndGlobalSection
	GlobalSection(ProjectConfigurationPlatforms) = postSolution
		{37B53137-55E0-4CDF-A8E4-62D649541B45}.Debug|Any CPU.ActiveCfg = Debug|Any CPU
		{37B53137-55E0-4CDF-A8E4-62D649541B45}.Debug|Any CPU.Build.0 = Debug|Any CPU
		{37B53137-55E0-4CDF-A8E4-62D649541B45}.Release|Any CPU.ActiveCfg = Release|Any CPU
		{37B53137-55E0-4CDF-A8E4-62D649541B45}.Release|Any CPU.Build.0 = Release|Any CPU
	EndGlobalSection
	GlobalSection(SolutionProperties) = preSolution
		HideSolutionNode = FALSE
	EndGlobalSection
	GlobalSection(ExtensibilityGlobals) = postSolution
		SolutionGuid = {4DFEC58A-B85F-4C3E-AB6A-982B35C5A378}
	EndGlobalSection
EndGlobal
